// !$*UTF8*$!
{
	archiveVersion = 1;
	classes = {
	};
	objectVersion = 46;
	objects = {

/* Begin PBXBuildFile section */
		B51935A9170E016100FF1235 /* main.cpp in Sources */ = {isa = PBXBuildFile; fileRef = B51935A8170E016100FF1235 /* main.cpp */; };
		B51935AB170E016100FF1235 /* PuzzleSolver.1 in CopyFiles */ = {isa = PBXBuildFile; fileRef = B51935AA170E016100FF1235 /* PuzzleSolver.1 */; };
		B5915DD0170E39F600AD2C90 /* libopencv_core.dylib in Frameworks */ = {isa = PBXBuildFile; fileRef = B5915D97170E39F500AD2C90 /* libopencv_core.dylib */; };
		B5AD446F171A1AA500B6497F /* libopencv_video.dylib in Frameworks */ = {isa = PBXBuildFile; fileRef = B5AD446D171A1AA500B6497F /* libopencv_video.dylib */; };
		B5AD4474171A209A00B6497F /* libopencv_highgui.dylib in Frameworks */ = {isa = PBXBuildFile; fileRef = B5AD4473171A209A00B6497F /* libopencv_highgui.dylib */; };
		B5AD4476171A214900B6497F /* libopencv_imgproc.dylib in Frameworks */ = {isa = PBXBuildFile; fileRef = B5AD4475171A214900B6497F /* libopencv_imgproc.dylib */; };
		B5F5BF5F170F315700D4776D /* edge.cpp in Sources */ = {isa = PBXBuildFile; fileRef = B5F5BF5D170F315700D4776D /* edge.cpp */; };
		B5F5BF62170F316000D4776D /* piece.cpp in Sources */ = {isa = PBXBuildFile; fileRef = B5F5BF60170F316000D4776D /* piece.cpp */; };
		B5F5BF65170F316A00D4776D /* puzzle.cpp in Sources */ = {isa = PBXBuildFile; fileRef = B5F5BF63170F316A00D4776D /* puzzle.cpp */; };
		B5F5BF681714D2FE00D4776D /* utils.cpp in Sources */ = {isa = PBXBuildFile; fileRef = B5F5BF661714D2FE00D4776D /* utils.cpp */; };
		B5F5BF7B17185B2700D4776D /* PuzzleDisjointSet.cpp in Sources */ = {isa = PBXBuildFile; fileRef = B5F5BF7917185B2700D4776D /* PuzzleDisjointSet.cpp */; };
/* End PBXBuildFile section */

/* Begin PBXCopyFilesBuildPhase section */
		B51935A3170E016100FF1235 /* CopyFiles */ = {
			isa = PBXCopyFilesBuildPhase;
			buildActionMask = 2147483647;
			dstPath = /usr/share/man/man1/;
			dstSubfolderSpec = 0;
			files = (
				B51935AB170E016100FF1235 /* PuzzleSolver.1 in CopyFiles */,
			);
			runOnlyForDeploymentPostprocessing = 1;
		};
/* End PBXCopyFilesBuildPhase section */

/* Begin PBXFileReference section */
		B51935A5170E016100FF1235 /* PuzzleSolver */ = {isa = PBXFileReference; explicitFileType = "compiled.mach-o.executable"; includeInIndex = 0; path = PuzzleSolver; sourceTree = BUILT_PRODUCTS_DIR; };
		B51935A8170E016100FF1235 /* main.cpp */ = {isa = PBXFileReference; lastKnownFileType = sourcecode.cpp.cpp; path = main.cpp; sourceTree = "<group>"; };
		B51935AA170E016100FF1235 /* PuzzleSolver.1 */ = {isa = PBXFileReference; lastKnownFileType = text.man; path = PuzzleSolver.1; sourceTree = "<group>"; };
		B5915D97170E39F500AD2C90 /* libopencv_core.dylib */ = {isa = PBXFileReference; lastKnownFileType = "compiled.mach-o.dylib"; name = libopencv_core.dylib; path = /usr/local/lib/libopencv_core.dylib; sourceTree = "<absolute>"; };
		B5AD446D171A1AA500B6497F /* libopencv_video.dylib */ = {isa = PBXFileReference; lastKnownFileType = "compiled.mach-o.dylib"; name = libopencv_video.dylib; path = /usr/local/lib/libopencv_video.dylib; sourceTree = "<absolute>"; };
		B5AD4473171A209A00B6497F /* libopencv_highgui.dylib */ = {isa = PBXFileReference; lastKnownFileType = "compiled.mach-o.dylib"; name = libopencv_highgui.dylib; path = /usr/local/lib/libopencv_highgui.dylib; sourceTree = "<absolute>"; };
		B5AD4475171A214900B6497F /* libopencv_imgproc.dylib */ = {isa = PBXFileReference; lastKnownFileType = "compiled.mach-o.dylib"; name = libopencv_imgproc.dylib; path = /usr/local/lib/libopencv_imgproc.dylib; sourceTree = "<absolute>"; };
		B5F5BF5D170F315700D4776D /* edge.cpp */ = {isa = PBXFileReference; fileEncoding = 4; lastKnownFileType = sourcecode.cpp.cpp; path = edge.cpp; sourceTree = "<group>"; };
		B5F5BF5E170F315700D4776D /* edge.h */ = {isa = PBXFileReference; fileEncoding = 4; lastKnownFileType = sourcecode.c.h; path = edge.h; sourceTree = "<group>"; };
		B5F5BF60170F316000D4776D /* piece.cpp */ = {isa = PBXFileReference; fileEncoding = 4; lastKnownFileType = sourcecode.cpp.cpp; path = piece.cpp; sourceTree = "<group>"; };
		B5F5BF61170F316000D4776D /* piece.h */ = {isa = PBXFileReference; fileEncoding = 4; lastKnownFileType = sourcecode.c.h; path = piece.h; sourceTree = "<group>"; };
		B5F5BF63170F316A00D4776D /* puzzle.cpp */ = {isa = PBXFileReference; fileEncoding = 4; lastKnownFileType = sourcecode.cpp.cpp; path = puzzle.cpp; sourceTree = "<group>"; };
		B5F5BF64170F316A00D4776D /* puzzle.h */ = {isa = PBXFileReference; fileEncoding = 4; lastKnownFileType = sourcecode.c.h; path = puzzle.h; sourceTree = "<group>"; };
		B5F5BF661714D2FE00D4776D /* utils.cpp */ = {isa = PBXFileReference; fileEncoding = 4; lastKnownFileType = sourcecode.cpp.cpp; path = utils.cpp; sourceTree = "<group>"; };
		B5F5BF671714D2FE00D4776D /* utils.h */ = {isa = PBXFileReference; fileEncoding = 4; lastKnownFileType = sourcecode.c.h; path = utils.h; sourceTree = "<group>"; };
		B5F5BF7917185B2700D4776D /* PuzzleDisjointSet.cpp */ = {isa = PBXFileReference; fileEncoding = 4; lastKnownFileType = sourcecode.cpp.cpp; path = PuzzleDisjointSet.cpp; sourceTree = "<group>"; };
		B5F5BF7A17185B2700D4776D /* PuzzleDisjointSet.h */ = {isa = PBXFileReference; fileEncoding = 4; lastKnownFileType = sourcecode.c.h; path = PuzzleDisjointSet.h; sourceTree = "<group>"; };
/* End PBXFileReference section */

/* Begin PBXFrameworksBuildPhase section */
		B51935A2170E016100FF1235 /* Frameworks */ = {
			isa = PBXFrameworksBuildPhase;
			buildActionMask = 2147483647;
			files = (
				B5AD4476171A214900B6497F /* libopencv_imgproc.dylib in Frameworks */,
				B5AD4474171A209A00B6497F /* libopencv_highgui.dylib in Frameworks */,
				B5AD446F171A1AA500B6497F /* libopencv_video.dylib in Frameworks */,
				B5915DD0170E39F600AD2C90 /* libopencv_core.dylib in Frameworks */,
			);
			runOnlyForDeploymentPostprocessing = 0;
		};
/* End PBXFrameworksBuildPhase section */

/* Begin PBXGroup section */
		B519359C170E016000FF1235 = {
			isa = PBXGroup;
			children = (
				B5915E01170E3A0C00AD2C90 /* opencv */,
				B51935A7170E016100FF1235 /* PuzzleSolver */,
				B51935A6170E016100FF1235 /* Products */,
			);
			sourceTree = "<group>";
		};
		B51935A6170E016100FF1235 /* Products */ = {
			isa = PBXGroup;
			children = (
				B51935A5170E016100FF1235 /* PuzzleSolver */,
			);
			name = Products;
			sourceTree = "<group>";
		};
		B51935A7170E016100FF1235 /* PuzzleSolver */ = {
			isa = PBXGroup;
			children = (
				B51935A8170E016100FF1235 /* main.cpp */,
				B51935AA170E016100FF1235 /* PuzzleSolver.1 */,
				B5F5BF5D170F315700D4776D /* edge.cpp */,
				B5F5BF5E170F315700D4776D /* edge.h */,
				B5F5BF60170F316000D4776D /* piece.cpp */,
				B5F5BF61170F316000D4776D /* piece.h */,
				B5F5BF63170F316A00D4776D /* puzzle.cpp */,
				B5F5BF64170F316A00D4776D /* puzzle.h */,
				B5F5BF661714D2FE00D4776D /* utils.cpp */,
				B5F5BF671714D2FE00D4776D /* utils.h */,
				B5F5BF7917185B2700D4776D /* PuzzleDisjointSet.cpp */,
				B5F5BF7A17185B2700D4776D /* PuzzleDisjointSet.h */,
			);
			path = PuzzleSolver;
			sourceTree = "<group>";
		};
		B5915E01170E3A0C00AD2C90 /* opencv */ = {
			isa = PBXGroup;
			children = (
				B5AD4475171A214900B6497F /* libopencv_imgproc.dylib */,
				B5AD4473171A209A00B6497F /* libopencv_highgui.dylib */,
				B5AD446D171A1AA500B6497F /* libopencv_video.dylib */,
				B5915D97170E39F500AD2C90 /* libopencv_core.dylib */,
			);
			name = opencv;
			sourceTree = "<group>";
		};
/* End PBXGroup section */

/* Begin PBXNativeTarget section */
		B51935A4170E016100FF1235 /* PuzzleSolver */ = {
			isa = PBXNativeTarget;
			buildConfigurationList = B51935AE170E016100FF1235 /* Build configuration list for PBXNativeTarget "PuzzleSolver" */;
			buildPhases = (
				B51935A1170E016100FF1235 /* Sources */,
				B51935A2170E016100FF1235 /* Frameworks */,
				B51935A3170E016100FF1235 /* CopyFiles */,
			);
			buildRules = (
			);
			dependencies = (
			);
			name = PuzzleSolver;
			productName = PuzzleSolver;
			productReference = B51935A5170E016100FF1235 /* PuzzleSolver */;
			productType = "com.apple.product-type.tool";
		};
/* End PBXNativeTarget section */

/* Begin PBXProject section */
		B519359D170E016000FF1235 /* Project object */ = {
			isa = PBXProject;
			attributes = {
				LastUpgradeCheck = 0460;
				ORGANIZATIONNAME = "Joe Zeimen";
			};
			buildConfigurationList = B51935A0170E016000FF1235 /* Build configuration list for PBXProject "PuzzleSolver" */;
			compatibilityVersion = "Xcode 3.2";
			developmentRegion = English;
			hasScannedForEncodings = 0;
			knownRegions = (
				en,
			);
			mainGroup = B519359C170E016000FF1235;
			productRefGroup = B51935A6170E016100FF1235 /* Products */;
			projectDirPath = "";
			projectRoot = "";
			targets = (
				B51935A4170E016100FF1235 /* PuzzleSolver */,
			);
		};
/* End PBXProject section */

/* Begin PBXSourcesBuildPhase section */
		B51935A1170E016100FF1235 /* Sources */ = {
			isa = PBXSourcesBuildPhase;
			buildActionMask = 2147483647;
			files = (
				B51935A9170E016100FF1235 /* main.cpp in Sources */,
				B5F5BF5F170F315700D4776D /* edge.cpp in Sources */,
				B5F5BF62170F316000D4776D /* piece.cpp in Sources */,
				B5F5BF65170F316A00D4776D /* puzzle.cpp in Sources */,
				B5F5BF681714D2FE00D4776D /* utils.cpp in Sources */,
				B5F5BF7B17185B2700D4776D /* PuzzleDisjointSet.cpp in Sources */,
			);
			runOnlyForDeploymentPostprocessing = 0;
		};
/* End PBXSourcesBuildPhase section */

/* Begin XCBuildConfiguration section */
		B51935AC170E016100FF1235 /* Debug */ = {
			isa = XCBuildConfiguration;
			buildSettings = {
				ALWAYS_SEARCH_USER_PATHS = NO;
				ARCHS = "$(ARCHS_STANDARD_64_BIT)";
				CLANG_CXX_LANGUAGE_STANDARD = "gnu++0x";
				CLANG_CXX_LIBRARY = "libc++";
				CLANG_WARN_CONSTANT_CONVERSION = YES;
				CLANG_WARN_EMPTY_BODY = YES;
				CLANG_WARN_ENUM_CONVERSION = YES;
				CLANG_WARN_INT_CONVERSION = YES;
				CLANG_WARN__DUPLICATE_METHOD_MATCH = YES;
				COPY_PHASE_STRIP = NO;
				GCC_C_LANGUAGE_STANDARD = gnu99;
				GCC_DYNAMIC_NO_PIC = NO;
				GCC_ENABLE_OBJC_EXCEPTIONS = YES;
				GCC_OPTIMIZATION_LEVEL = 0;
				GCC_PREPROCESSOR_DEFINITIONS = (
					"DEBUG=1",
					"$(inherited)",
				);
				GCC_SYMBOLS_PRIVATE_EXTERN = NO;
				GCC_WARN_64_TO_32_BIT_CONVERSION = YES;
				GCC_WARN_ABOUT_RETURN_TYPE = YES;
				GCC_WARN_UNINITIALIZED_AUTOS = YES;
				GCC_WARN_UNUSED_VARIABLE = YES;
				MACOSX_DEPLOYMENT_TARGET = 10.8;
				ONLY_ACTIVE_ARCH = YES;
				SDKROOT = macosx;
			};
			name = Debug;
		};
		B51935AD170E016100FF1235 /* Release */ = {
			isa = XCBuildConfiguration;
			buildSettings = {
				ALWAYS_SEARCH_USER_PATHS = NO;
				ARCHS = "$(ARCHS_STANDARD_64_BIT)";
				CLANG_CXX_LANGUAGE_STANDARD = "gnu++0x";
				CLANG_CXX_LIBRARY = "libc++";
				CLANG_WARN_CONSTANT_CONVERSION = YES;
				CLANG_WARN_EMPTY_BODY = YES;
				CLANG_WARN_ENUM_CONVERSION = YES;
				CLANG_WARN_INT_CONVERSION = YES;
				CLANG_WARN__DUPLICATE_METHOD_MATCH = YES;
				COPY_PHASE_STRIP = YES;
				DEBUG_INFORMATION_FORMAT = "dwarf-with-dsym";
				GCC_C_LANGUAGE_STANDARD = gnu99;
				GCC_ENABLE_OBJC_EXCEPTIONS = YES;
				GCC_WARN_64_TO_32_BIT_CONVERSION = YES;
				GCC_WARN_ABOUT_RETURN_TYPE = YES;
				GCC_WARN_UNINITIALIZED_AUTOS = YES;
				GCC_WARN_UNUSED_VARIABLE = YES;
				MACOSX_DEPLOYMENT_TARGET = 10.8;
				SDKROOT = macosx;
			};
			name = Release;
		};
		B51935AF170E016100FF1235 /* Debug */ = {
			isa = XCBuildConfiguration;
			buildSettings = {
				ENABLE_OPENMP_SUPPORT = NO;
				GCC_ENABLE_FLOATING_POINT_LIBRARY_CALLS = NO;
				GCC_ENABLE_SSE3_EXTENSIONS = YES;
				GCC_ENABLE_SSE41_EXTENSIONS = YES;
				GCC_ENABLE_SSE42_EXTENSIONS = YES;
				GCC_ENABLE_SUPPLEMENTAL_SSE3_INSTRUCTIONS = YES;
				GCC_GENERATE_DEBUGGING_SYMBOLS = YES;
				GCC_NO_COMMON_BLOCKS = NO;
				GCC_STRICT_ALIASING = YES;
				GCC_VERSION = com.intel.compilers.icc.13_0_0;
				HEADER_SEARCH_PATHS = (
					/opt/local/include,
					/opt/local/include/opencv,
				);
				ICC_CILK_SERIALIZE = NO;
				ICC_DIAG_VEC_REPORT = vec1;
				ICC_EMIT_DIAGNOSTICS_TO_FILE = YES;
				ICC_FP_SPECULATION = default;
				ICC_GUIDE_TO_FILE = YES;
				ICC_IPP = None;
				ICC_LANG_ANSI = c89;
				ICC_LOGO = NO;
				ICC_MKL = None;
				ICC_OPTLEVEL = none;
				ICC_OPT_PARALLEL = NO;
				ICC_OPT_REQUIRE_ARCH_IA32 = AVX;
				ICC_OPT_USE_ARCH_IA32 = AVX;
				ICC_USE_OPTIMIZED_HEADERS = NO;
				LINK_WITH_STANDARD_LIBRARIES = YES;
				LLVM_LTO = NO;
				ONLY_ACTIVE_ARCH = YES;
				PRODUCT_NAME = "$(TARGET_NAME)";
				SDKROOT = "";
				VALID_ARCHS = "i386 x86_64";
			};
			name = Debug;
		};
		B51935B0170E016100FF1235 /* Release */ = {
			isa = XCBuildConfiguration;
			buildSettings = {
				ENABLE_OPENMP_SUPPORT = NO;
				GCC_ENABLE_FLOATING_POINT_LIBRARY_CALLS = NO;
				GCC_ENABLE_SSE3_EXTENSIONS = YES;
				GCC_ENABLE_SSE41_EXTENSIONS = YES;
				GCC_ENABLE_SSE42_EXTENSIONS = YES;
				GCC_ENABLE_SUPPLEMENTAL_SSE3_INSTRUCTIONS = YES;
				GCC_GENERATE_DEBUGGING_SYMBOLS = YES;
				GCC_NO_COMMON_BLOCKS = NO;
				GCC_OPTIMIZATION_LEVEL = 3;
				GCC_STRICT_ALIASING = YES;
				GCC_VERSION = com.intel.compilers.icc.13_0_0;
				HEADER_SEARCH_PATHS = (
					/opt/local/include,
					/opt/local/include/opencv,
				);
				ICC_CILK_SERIALIZE = NO;
				ICC_DIAG_VEC_REPORT = vec1;
				ICC_EMIT_DIAGNOSTICS_TO_FILE = YES;
				ICC_FP_SPECULATION = default;
				ICC_GUIDE_TO_FILE = YES;
				ICC_IPP = None;
				ICC_LANG_ANSI = c89;
				ICC_LOGO = NO;
				ICC_MKL = None;
				ICC_OPTLEVEL = speed;
				ICC_OPT_PARALLEL = NO;
				ICC_OPT_REQUIRE_ARCH_IA32 = AVX;
				ICC_OPT_USE_ARCH_IA32 = AVX;
				ICC_USE_OPTIMIZED_HEADERS = NO;
				LINK_WITH_STANDARD_LIBRARIES = YES;
				LLVM_LTO = NO;
				ONLY_ACTIVE_ARCH = YES;
				PRODUCT_NAME = "$(TARGET_NAME)";
				SDKROOT = "";
			};
			name = Release;
		};
/* End XCBuildConfiguration section */

/* Begin XCConfigurationList section */
		B51935A0170E016000FF1235 /* Build configuration list for PBXProject "PuzzleSolver" */ = {
			isa = XCConfigurationList;
			buildConfigurations = (
				B51935AC170E016100FF1235 /* Debug */,
				B51935AD170E016100FF1235 /* Release */,
			);
			defaultConfigurationIsVisible = 0;
			defaultConfigurationName = Release;
		};
		B51935AE170E016100FF1235 /* Build configuration list for PBXNativeTarget "PuzzleSolver" */ = {
			isa = XCConfigurationList;
			buildConfigurations = (
				B51935AF170E016100FF1235 /* Debug */,
				B51935B0170E016100FF1235 /* Release */,
			);
			defaultConfigurationIsVisible = 0;
			defaultConfigurationName = Release;
		};
/* End XCConfigurationList section */
	};
	rootObject = B519359D170E016000FF1235 /* Project object */;
}
